// !$*UTF8*$!
{
	archiveVersion = 1;
	classes = {
	};
	objectVersion = 50;
	objects = {

/* Begin PBXBuildFile section */
		4903E1C12227BDAF00E38AC1 /* AppDelegate.swift in Sources */ = {isa = PBXBuildFile; fileRef = 4903E1C02227BDAF00E38AC1 /* AppDelegate.swift */; };
		4903E1C32227BDAF00E38AC1 /* WelcomeVC.swift in Sources */ = {isa = PBXBuildFile; fileRef = 4903E1C22227BDAF00E38AC1 /* WelcomeVC.swift */; };
		4903E1C62227BDAF00E38AC1 /* Main.storyboard in Resources */ = {isa = PBXBuildFile; fileRef = 4903E1C42227BDAF00E38AC1 /* Main.storyboard */; };
		4903E1C82227BDB200E38AC1 /* Assets.xcassets in Resources */ = {isa = PBXBuildFile; fileRef = 4903E1C72227BDB200E38AC1 /* Assets.xcassets */; };
		4903E1CB2227BDB200E38AC1 /* LaunchScreen.storyboard in Resources */ = {isa = PBXBuildFile; fileRef = 4903E1C92227BDB200E38AC1 /* LaunchScreen.storyboard */; };
		4997ECA42232B2FA0089DC33 /* League.swift in Sources */ = {isa = PBXBuildFile; fileRef = 4997ECA32232B2FA0089DC33 /* League.swift */; };
		4997ECA62232B3130089DC33 /* SkillVC.swift in Sources */ = {isa = PBXBuildFile; fileRef = 4997ECA52232B3130089DC33 /* SkillVC.swift */; };
		4997ECA82232F9330089DC33 /* Player.swift in Sources */ = {isa = PBXBuildFile; fileRef = 4997ECA72232F9330089DC33 /* Player.swift */; };
/* End PBXBuildFile section */

/* Begin PBXFileReference section */
		4903E1BD2227BDAF00E38AC1 /* app-swoosh.app */ = {isa = PBXFileReference; explicitFileType = wrapper.application; includeInIndex = 0; path = "app-swoosh.app"; sourceTree = BUILT_PRODUCTS_DIR; };
		4903E1C02227BDAF00E38AC1 /* AppDelegate.swift */ = {isa = PBXFileReference; lastKnownFileType = sourcecode.swift; path = AppDelegate.swift; sourceTree = "<group>"; };
		4903E1C22227BDAF00E38AC1 /* WelcomeVC.swift */ = {isa = PBXFileReference; lastKnownFileType = sourcecode.swift; path = WelcomeVC.swift; sourceTree = "<group>"; };
		4903E1C52227BDAF00E38AC1 /* Base */ = {isa = PBXFileReference; lastKnownFileType = file.storyboard; name = Base; path = Base.lproj/Main.storyboard; sourceTree = "<group>"; };
		4903E1C72227BDB200E38AC1 /* Assets.xcassets */ = {isa = PBXFileReference; lastKnownFileType = folder.assetcatalog; path = Assets.xcassets; sourceTree = "<group>"; };
		4903E1CA2227BDB200E38AC1 /* Base */ = {isa = PBXFileReference; lastKnownFileType = file.storyboard; name = Base; path = Base.lproj/LaunchScreen.storyboard; sourceTree = "<group>"; };
		4903E1CC2227BDB200E38AC1 /* Info.plist */ = {isa = PBXFileReference; lastKnownFileType = text.plist.xml; path = Info.plist; sourceTree = "<group>"; };
		4997ECA32232B2FA0089DC33 /* League.swift */ = {isa = PBXFileReference; lastKnownFileType = sourcecode.swift; path = League.swift; sourceTree = "<group>"; };
		4997ECA52232B3130089DC33 /* SkillVC.swift */ = {isa = PBXFileReference; lastKnownFileType = sourcecode.swift; path = SkillVC.swift; sourceTree = "<group>"; };
		4997ECA72232F9330089DC33 /* Player.swift */ = {isa = PBXFileReference; lastKnownFileType = sourcecode.swift; path = Player.swift; sourceTree = "<group>"; };
/* End PBXFileReference section */

/* Begin PBXFrameworksBuildPhase section */
		4903E1BA2227BDAF00E38AC1 /* Frameworks */ = {
			isa = PBXFrameworksBuildPhase;
			buildActionMask = 2147483647;
			files = (
			);
			runOnlyForDeploymentPostprocessing = 0;
		};
/* End PBXFrameworksBuildPhase section */

/* Begin PBXGroup section */
		4903E1B42227BDAF00E38AC1 = {
			isa = PBXGroup;
			children = (
				4903E1BF2227BDAF00E38AC1 /* app-swoosh */,
				4903E1BE2227BDAF00E38AC1 /* Products */,
			);
			sourceTree = "<group>";
		};
		4903E1BE2227BDAF00E38AC1 /* Products */ = {
			isa = PBXGroup;
			children = (
				4903E1BD2227BDAF00E38AC1 /* app-swoosh.app */,
			);
			name = Products;
			sourceTree = "<group>";
		};
		4903E1BF2227BDAF00E38AC1 /* app-swoosh */ = {
			isa = PBXGroup;
			children = (
				4997ECA22232B20E0089DC33 /* Controller */,
				4997ECA12232B2070089DC33 /* View */,
				4997ECA02232B1F80089DC33 /* Model */,
				4903E1C02227BDAF00E38AC1 /* AppDelegate.swift */,
				4903E1C42227BDAF00E38AC1 /* Main.storyboard */,
				4903E1C72227BDB200E38AC1 /* Assets.xcassets */,
				4903E1C92227BDB200E38AC1 /* LaunchScreen.storyboard */,
				4903E1CC2227BDB200E38AC1 /* Info.plist */,
			);
			path = "app-swoosh";
			sourceTree = "<group>";
		};
		4997ECA02232B1F80089DC33 /* Model */ = {
			isa = PBXGroup;
			children = (
				4997ECA72232F9330089DC33 /* Player.swift */,
			);
			path = Model;
			sourceTree = "<group>";
		};
		4997ECA12232B2070089DC33 /* View */ = {
			isa = PBXGroup;
			children = (
			);
			path = View;
			sourceTree = "<group>";
		};
		4997ECA22232B20E0089DC33 /* Controller */ = {
			isa = PBXGroup;
			children = (
				4903E1C22227BDAF00E38AC1 /* WelcomeVC.swift */,
				4997ECA32232B2FA0089DC33 /* League.swift */,
				4997ECA52232B3130089DC33 /* SkillVC.swift */,
			);
			path = Controller;
			sourceTree = "<group>";
		};
/* End PBXGroup section */

/* Begin PBXNativeTarget section */
		4903E1BC2227BDAF00E38AC1 /* app-swoosh */ = {
			isa = PBXNativeTarget;
			buildConfigurationList = 4903E1CF2227BDB200E38AC1 /* Build configuration list for PBXNativeTarget "app-swoosh" */;
			buildPhases = (
				4903E1B92227BDAF00E38AC1 /* Sources */,
				4903E1BA2227BDAF00E38AC1 /* Frameworks */,
				4903E1BB2227BDAF00E38AC1 /* Resources */,
			);
			buildRules = (
			);
			dependencies = (
			);
			name = "app-swoosh";
			productName = "app-swoosh";
			productReference = 4903E1BD2227BDAF00E38AC1 /* app-swoosh.app */;
			productType = "com.apple.product-type.application";
		};
/* End PBXNativeTarget section */

/* Begin PBXProject section */
		4903E1B52227BDAF00E38AC1 /* Project object */ = {
			isa = PBXProject;
			attributes = {
				LastSwiftUpdateCheck = 1010;
				LastUpgradeCheck = 1010;
				ORGANIZATIONNAME = "Yehor Mekhovskyi";
				TargetAttributes = {
					4903E1BC2227BDAF00E38AC1 = {
						CreatedOnToolsVersion = 10.1;
					};
				};
			};
			buildConfigurationList = 4903E1B82227BDAF00E38AC1 /* Build configuration list for PBXProject "app-swoosh" */;
			compatibilityVersion = "Xcode 9.3";
			developmentRegion = en;
			hasScannedForEncodings = 0;
			knownRegions = (
				en,
				Base,
			);
			mainGroup = 4903E1B42227BDAF00E38AC1;
			productRefGroup = 4903E1BE2227BDAF00E38AC1 /* Products */;
			projectDirPath = "";
			projectRoot = "";
			targets = (
				4903E1BC2227BDAF00E38AC1 /* app-swoosh */,
			);
		};
/* End PBXProject section */

/* Begin PBXResourcesBuildPhase section */
		4903E1BB2227BDAF00E38AC1 /* Resources */ = {
			isa = PBXResourcesBuildPhase;
			buildActionMask = 2147483647;
			files = (
				4903E1CB2227BDB200E38AC1 /* LaunchScreen.storyboard in Resources */,
				4903E1C82227BDB200E38AC1 /* Assets.xcassets in Resources */,
				4903E1C62227BDAF00E38AC1 /* Main.storyboard in Resources */,
			);
			runOnlyForDeploymentPostprocessing = 0;
		};
/* End PBXResourcesBuildPhase section */

/* Begin PBXSourcesBuildPhase section */
		4903E1B92227BDAF00E38AC1 /* Sources */ = {
			isa = PBXSourcesBuildPhase;
			buildActionMask = 2147483647;
			files = (
				4997ECA62232B3130089DC33 /* SkillVC.swift in Sources */,
				4903E1C32227BDAF00E38AC1 /* WelcomeVC.swift in Sources */,
				4997ECA42232B2FA0089DC33 /* League.swift in Sources */,
				4997ECA82232F9330089DC33 /* Player.swift in Sources */,
				4903E1C12227BDAF00E38AC1 /* AppDelegate.swift in Sources */,
			);
			runOnlyForDeploymentPostprocessing = 0;
		};
/* End PBXSourcesBuildPhase section */

/* Begin PBXVariantGroup section */
		4903E1C42227BDAF00E38AC1 /* Main.storyboard */ = {
			isa = PBXVariantGroup;
			children = (
				4903E1C52227BDAF00E38AC1 /* Base */,
			);
			name = Main.storyboard;
			sourceTree = "<group>";
		};
		4903E1C92227BDB200E38AC1 /* LaunchScreen.storyboard */ = {
			isa = PBXVariantGroup;
			children = (
				4903E1CA2227BDB200E38AC1 /* Base */,
			);
			name = LaunchScreen.storyboard;
			sourceTree = "<group>";
		};
/* End PBXVariantGroup section */

/* Begin XCBuildConfiguration section */
		4903E1CD2227BDB200E38AC1 /* Debug */ = {
			isa = XCBuildConfiguration;
			buildSettings = {
				ALWAYS_SEARCH_USER_PATHS = NO;
				CLANG_ANALYZER_NONNULL = YES;
				CLANG_ANALYZER_NUMBER_OBJECT_CONVERSION = YES_AGGRESSIVE;
				CLANG_CXX_LANGUAGE_STANDARD = "gnu++14";
				CLANG_CXX_LIBRARY = "libc++";
				CLANG_ENABLE_MODULES = YES;
				CLANG_ENABLE_OBJC_ARC = YES;
				CLANG_ENABLE_OBJC_WEAK = YES;
				CLANG_WARN_BLOCK_CAPTURE_AUTORELEASING = YES;
				CLANG_WARN_BOOL_CONVERSION = YES;
				CLANG_WARN_COMMA = YES;
				CLANG_WARN_CONSTANT_CONVERSION = YES;
				CLANG_WARN_DEPRECATED_OBJC_IMPLEMENTATIONS = YES;
				CLANG_WARN_DIRECT_OBJC_ISA_USAGE = YES_ERROR;
				CLANG_WARN_DOCUMENTATION_COMMENTS = YES;
				CLANG_WARN_EMPTY_BODY = YES;
				CLANG_WARN_ENUM_CONVERSION = YES;
				CLANG_WARN_INFINITE_RECURSION = YES;
				CLANG_WARN_INT_CONVERSION = YES;
				CLANG_WARN_NON_LITERAL_NULL_CONVERSION = YES;
				CLANG_WARN_OBJC_IMPLICIT_RETAIN_SELF = YES;
				CLANG_WARN_OBJC_LITERAL_CONVERSION = YES;
				CLANG_WARN_OBJC_ROOT_CLASS = YES_ERROR;
				CLANG_WARN_RANGE_LOOP_ANALYSIS = YES;
				CLANG_WARN_STRICT_PROTOTYPES = YES;
				CLANG_WARN_SUSPICIOUS_MOVE = YES;
				CLANG_WARN_UNGUARDED_AVAILABILITY = YES_AGGRESSIVE;
				CLANG_WARN_UNREACHABLE_CODE = YES;
				CLANG_WARN__DUPLICATE_METHOD_MATCH = YES;
				CODE_SIGN_IDENTITY = "iPhone Developer";
				COPY_PHASE_STRIP = NO;
				DEBUG_INFORMATION_FORMAT = dwarf;
				ENABLE_STRICT_OBJC_MSGSEND = YES;
				ENABLE_TESTABILITY = YES;
				GCC_C_LANGUAGE_STANDARD = gnu11;
				GCC_DYNAMIC_NO_PIC = NO;
				GCC_NO_COMMON_BLOCKS = YES;
				GCC_OPTIMIZATION_LEVEL = 0;
				GCC_PREPROCESSOR_DEFINITIONS = (
					"DEBUG=1",
					"$(inherited)",
				);
				GCC_WARN_64_TO_32_BIT_CONVERSION = YES;
				GCC_WARN_ABOUT_RETURN_TYPE = YES_ERROR;
				GCC_WARN_UNDECLARED_SELECTOR = YES;
				GCC_WARN_UNINITIALIZED_AUTOS = YES_AGGRESSIVE;
				GCC_WARN_UNUSED_FUNCTION = YES;
				GCC_WARN_UNUSED_VARIABLE = YES;
				IPHONEOS_DEPLOYMENT_TARGET = 12.1;
				MTL_ENABLE_DEBUG_INFO = INCLUDE_SOURCE;
				MTL_FAST_MATH = YES;
				ONLY_ACTIVE_ARCH = YES;
				SDKROOT = iphoneos;
				SWIFT_ACTIVE_COMPILATION_CONDITIONS = DEBUG;
				SWIFT_OPTIMIZATION_LEVEL = "-Onone";
			};
			name = Debug;
		};
		4903E1CE2227BDB200E38AC1 /* Release */ = {
			isa = XCBuildConfiguration;
			buildSettings = {
				ALWAYS_SEARCH_USER_PATHS = NO;
				CLANG_ANALYZER_NONNULL = YES;
				CLANG_ANALYZER_NUMBER_OBJECT_CONVERSION = YES_AGGRESSIVE;
				CLANG_CXX_LANGUAGE_STANDARD = "gnu++14";
				CLANG_CXX_LIBRARY = "libc++";
				CLANG_ENABLE_MODULES = YES;
				CLANG_ENABLE_OBJC_ARC = YES;
				CLANG_ENABLE_OBJC_WEAK = YES;
				CLANG_WARN_BLOCK_CAPTURE_AUTORELEASING = YES;
				CLANG_WARN_BOOL_CONVERSION = YES;
				CLANG_WARN_COMMA = YES;
				CLANG_WARN_CONSTANT_CONVERSION = YES;
				CLANG_WARN_DEPRECATED_OBJC_IMPLEMENTATIONS = YES;
				CLANG_WARN_DIRECT_OBJC_ISA_USAGE = YES_ERROR;
				CLANG_WARN_DOCUMENTATION_COMMENTS = YES;
				CLANG_WARN_EMPTY_BODY = YES;
				CLANG_WARN_ENUM_CONVERSION = YES;
				CLANG_WARN_INFINITE_RECURSION = YES;
				CLANG_WARN_INT_CONVERSION = YES;
				CLANG_WARN_NON_LITERAL_NULL_CONVERSION = YES;
				CLANG_WARN_OBJC_IMPLICIT_RETAIN_SELF = YES;
				CLANG_WARN_OBJC_LITERAL_CONVERSION = YES;
				CLANG_WARN_OBJC_ROOT_CLASS = YES_ERROR;
				CLANG_WARN_RANGE_LOOP_ANALYSIS = YES;
				CLANG_WARN_STRICT_PROTOTYPES = YES;
				CLANG_WARN_SUSPICIOUS_MOVE = YES;
				CLANG_WARN_UNGUARDED_AVAILABILITY = YES_AGGRESSIVE;
				CLANG_WARN_UNREACHABLE_CODE = YES;
				CLANG_WARN__DUPLICATE_METHOD_MATCH = YES;
				CODE_SIGN_IDENTITY = "iPhone Developer";
				COPY_PHASE_STRIP = NO;
				DEBUG_INFORMATION_FORMAT = "dwarf-with-dsym";
				ENABLE_NS_ASSERTIONS = NO;
				ENABLE_STRICT_OBJC_MSGSEND = YES;
				GCC_C_LANGUAGE_STANDARD = gnu11;
				GCC_NO_COMMON_BLOCKS = YES;
				GCC_WARN_64_TO_32_BIT_CONVERSION = YES;
				GCC_WARN_ABOUT_RETURN_TYPE = YES_ERROR;
				GCC_WARN_UNDECLARED_SELECTOR = YES;
				GCC_WARN_UNINITIALIZED_AUTOS = YES_AGGRESSIVE;
				GCC_WARN_UNUSED_FUNCTION = YES;
				GCC_WARN_UNUSED_VARIABLE = YES;
				IPHONEOS_DEPLOYMENT_TARGET = 12.1;
				MTL_ENABLE_DEBUG_INFO = NO;
				MTL_FAST_MATH = YES;
				SDKROOT = iphoneos;
				SWIFT_COMPILATION_MODE = wholemodule;
				SWIFT_OPTIMIZATION_LEVEL = "-O";
				VALIDATE_PRODUCT = YES;
			};
			name = Release;
		};
		4903E1D02227BDB200E38AC1 /* Debug */ = {
			isa = XCBuildConfiguration;
			buildSettings = {
				ASSETCATALOG_COMPILER_APPICON_NAME = AppIcon;
				CODE_SIGN_STYLE = Automatic;
				INFOPLIST_FILE = "app-swoosh/Info.plist";
				LD_RUNPATH_SEARCH_PATHS = (
					"$(inherited)",
					"@executable_path/Frameworks",
				);
				PRODUCT_BUNDLE_IDENTIFIER = "Personal.app-swoosh";
				PRODUCT_NAME = "$(TARGET_NAME)";
				SWIFT_VERSION = 4.2;
				TARGETED_DEVICE_FAMILY = "1,2";
			};
			name = Debug;
		};
		4903E1D12227BDB200E38AC1 /* Release */ = {
			isa = XCBuildConfiguration;
			buildSettings = {
				ASSETCATALOG_COMPILER_APPICON_NAME = AppIcon;
				CODE_SIGN_STYLE = Automatic;
				INFOPLIST_FILE = "app-swoosh/Info.plist";
				LD_RUNPATH_SEARCH_PATHS = (
					"$(inherited)",
					"@executable_path/Frameworks",
				);
				PRODUCT_BUNDLE_IDENTIFIER = "Personal.app-swoosh";
				PRODUCT_NAME = "$(TARGET_NAME)";
				SWIFT_VERSION = 4.2;
				TARGETED_DEVICE_FAMILY = "1,2";
			};
			name = Release;
		};
/* End XCBuildConfiguration section */

/* Begin XCConfigurationList section */
		4903E1B82227BDAF00E38AC1 /* Build configuration list for PBXProject "app-swoosh" */ = {
			isa = XCConfigurationList;
			buildConfigurations = (
				4903E1CD2227BDB200E38AC1 /* Debug */,
				4903E1CE2227BDB200E38AC1 /* Release */,
			);
			defaultConfigurationIsVisible = 0;
			defaultConfigurationName = Release;
		};
		4903E1CF2227BDB200E38AC1 /* Build configuration list for PBXNativeTarget "app-swoosh" */ = {
			isa = XCConfigurationList;
			buildConfigurations = (
				4903E1D02227BDB200E38AC1 /* Debug */,
				4903E1D12227BDB200E38AC1 /* Release */,
			);
			defaultConfigurationIsVisible = 0;
			defaultConfigurationName = Release;
		};
/* End XCConfigurationList section */
	};
	rootObject = 4903E1B52227BDAF00E38AC1 /* Project object */;
}
